
Microsoft Visual Studio Solution File, Format Version 12.00
# Visual Studio Version 17
VisualStudioVersion = 17.7.34202.233
MinimumVisualStudioVersion = 10.0.40219.1
Project("{9A19103F-16F7-4668-BE54-9A1E7A4F7556}") = "AccesoDatos", "AccesoDatos\AccesoDatos.csproj", "{6DAFE19D-8965-4B2C-A6D4-31DD4D936256}"
EndProject
Project("{FAE04EC0-301F-11D3-BF4B-00C04F79EFBC}") = "WebApi", "WebApi\WebApi.csproj", "{7D5273AD-53E9-44A1-9887-9EB7387EB340}"
EndProject
Global
	GlobalSection(SolutionConfigurationPlatforms) = preSolution
		Debug|Any CPU = Debug|Any CPU
		Release|Any CPU = Release|Any CPU
	EndGlobalSection
	GlobalSection(ProjectConfigurationPlatforms) = postSolution
		{6DAFE19D-8965-4B2C-A6D4-31DD4D936256}.Debug|Any CPU.ActiveCfg = Debug|Any CPU
		{6DAFE19D-8965-4B2C-A6D4-31DD4D936256}.Debug|Any CPU.Build.0 = Debug|Any CPU
		{6DAFE19D-8965-4B2C-A6D4-31DD4D936256}.Release|Any CPU.ActiveCfg = Release|Any CPU
		{6DAFE19D-8965-4B2C-A6D4-31DD4D936256}.Release|Any CPU.Build.0 = Release|Any CPU
		{7D5273AD-53E9-44A1-9887-9EB7387EB340}.Debug|Any CPU.ActiveCfg = Debug|Any CPU
		{7D5273AD-53E9-44A1-9887-9EB7387EB340}.Debug|Any CPU.Build.0 = Debug|Any CPU
		{7D5273AD-53E9-44A1-9887-9EB7387EB340}.Release|Any CPU.ActiveCfg = Release|Any CPU
		{7D5273AD-53E9-44A1-9887-9EB7387EB340}.Release|Any CPU.Build.0 = Release|Any CPU
	EndGlobalSection
	GlobalSection(SolutionProperties) = preSolution
		HideSolutionNode = FALSE
	EndGlobalSection
	GlobalSection(ExtensibilityGlobals) = postSolution
		SolutionGuid = {FC74776F-8E59-461B-AB93-A8619967058C}
	EndGlobalSection
EndGlobal
